
Microsoft Visual Studio Solution File, Format Version 12.00
# Visual Studio 15
VisualStudioVersion = 15.0.27428.2015
MinimumVisualStudioVersion = 10.0.40219.1
Project("{FAE04EC0-301F-11D3-BF4B-00C04F79EFBC}") = "ZumtenSoft.WebsiteCrawler.BusLayer", "ZumtenSoft.WebsiteCrawler.BusLayer\ZumtenSoft.WebsiteCrawler.BusLayer.csproj", "{B7F841CA-2724-470C-9E72-1214136E1A7D}"
EndProject
Project("{FAE04EC0-301F-11D3-BF4B-00C04F79EFBC}") = "ZumtenSoft.WebsiteCrawler", "ZumtenSoft.WebsiteCrawler\ZumtenSoft.WebsiteCrawler.csproj", "{C1A65DB1-1A4B-4680-B451-47F3972C5D12}"
EndProject
Project("{FAE04EC0-301F-11D3-BF4B-00C04F79EFBC}") = "ZumtenSoft.WebsiteCrawler.Utils", "ZumtenSoft.WebsiteCrawler.Utils\ZumtenSoft.WebsiteCrawler.Utils.csproj", "{A1EEF449-D880-43C1-A0B0-F2A2DBA76F11}"
EndProject
Global
	GlobalSection(SolutionConfigurationPlatforms) = preSolution
		Debug|Any CPU = Debug|Any CPU
		Debug|Mixed Platforms = Debug|Mixed Platforms
		Debug|x86 = Debug|x86
		Release|Any CPU = Release|Any CPU
		Release|Mixed Platforms = Release|Mixed Platforms
		Release|x86 = Release|x86
	EndGlobalSection
	GlobalSection(ProjectConfigurationPlatforms) = postSolution
		{B7F841CA-2724-470C-9E72-1214136E1A7D}.Debug|Any CPU.ActiveCfg = Debug|Any CPU
		{B7F841CA-2724-470C-9E72-1214136E1A7D}.Debug|Any CPU.Build.0 = Debug|Any CPU
		{B7F841CA-2724-470C-9E72-1214136E1A7D}.Debug|Mixed Platforms.ActiveCfg = Debug|Any CPU
		{B7F841CA-2724-470C-9E72-1214136E1A7D}.Debug|Mixed Platforms.Build.0 = Debug|Any CPU
		{B7F841CA-2724-470C-9E72-1214136E1A7D}.Debug|x86.ActiveCfg = Debug|Any CPU
		{B7F841CA-2724-470C-9E72-1214136E1A7D}.Release|Any CPU.ActiveCfg = Release|Any CPU
		{B7F841CA-2724-470C-9E72-1214136E1A7D}.Release|Any CPU.Build.0 = Release|Any CPU
		{B7F841CA-2724-470C-9E72-1214136E1A7D}.Release|Mixed Platforms.ActiveCfg = Release|Any CPU
		{B7F841CA-2724-470C-9E72-1214136E1A7D}.Release|Mixed Platforms.Build.0 = Release|Any CPU
		{B7F841CA-2724-470C-9E72-1214136E1A7D}.Release|x86.ActiveCfg = Release|Any CPU
		{C1A65DB1-1A4B-4680-B451-47F3972C5D12}.Debug|Any CPU.ActiveCfg = Debug|Any CPU
		{C1A65DB1-1A4B-4680-B451-47F3972C5D12}.Debug|Any CPU.Build.0 = Debug|Any CPU
		{C1A65DB1-1A4B-4680-B451-47F3972C5D12}.Debug|Mixed Platforms.ActiveCfg = Debug|Any CPU
		{C1A65DB1-1A4B-4680-B451-47F3972C5D12}.Debug|Mixed Platforms.Build.0 = Debug|Any CPU
		{C1A65DB1-1A4B-4680-B451-47F3972C5D12}.Debug|x86.ActiveCfg = Debug|Any CPU
		{C1A65DB1-1A4B-4680-B451-47F3972C5D12}.Release|Any CPU.ActiveCfg = Release|Any CPU
		{C1A65DB1-1A4B-4680-B451-47F3972C5D12}.Release|Any CPU.Build.0 = Release|Any CPU
		{C1A65DB1-1A4B-4680-B451-47F3972C5D12}.Release|Mixed Platforms.ActiveCfg = Release|Any CPU
		{C1A65DB1-1A4B-4680-B451-47F3972C5D12}.Release|Mixed Platforms.Build.0 = Release|Any CPU
		{C1A65DB1-1A4B-4680-B451-47F3972C5D12}.Release|x86.ActiveCfg = Release|Any CPU
		{A1EEF449-D880-43C1-A0B0-F2A2DBA76F11}.Debug|Any CPU.ActiveCfg = Debug|Any CPU
		{A1EEF449-D880-43C1-A0B0-F2A2DBA76F11}.Debug|Any CPU.Build.0 = Debug|Any CPU
		{A1EEF449-D880-43C1-A0B0-F2A2DBA76F11}.Debug|Mixed Platforms.ActiveCfg = Debug|Any CPU
		{A1EEF449-D880-43C1-A0B0-F2A2DBA76F11}.Debug|Mixed Platforms.Build.0 = Debug|Any CPU
		{A1EEF449-D880-43C1-A0B0-F2A2DBA76F11}.Debug|x86.ActiveCfg = Debug|Any CPU
		{A1EEF449-D880-43C1-A0B0-F2A2DBA76F11}.Release|Any CPU.ActiveCfg = Release|Any CPU
		{A1EEF449-D880-43C1-A0B0-F2A2DBA76F11}.Release|Any CPU.Build.0 = Release|Any CPU
		{A1EEF449-D880-43C1-A0B0-F2A2DBA76F11}.Release|Mixed Platforms.ActiveCfg = Release|Any CPU
		{A1EEF449-D880-43C1-A0B0-F2A2DBA76F11}.Release|Mixed Platforms.Build.0 = Release|Any CPU
		{A1EEF449-D880-43C1-A0B0-F2A2DBA76F11}.Release|x86.ActiveCfg = Release|Any CPU
	EndGlobalSection
	GlobalSection(SolutionProperties) = preSolution
		HideSolutionNode = FALSE
	EndGlobalSection
	GlobalSection(ExtensibilityGlobals) = postSolution
		SolutionGuid = {5F257177-3FC9-449C-AF15-1BA762299CCF}
	EndGlobalSection
EndGlobal
